<?xml version="1.0" encoding="utf-8"?>
<Project ToolsVersion="4.0" xmlns="http://schemas.microsoft.com/developer/msbuild/2003">
  <ItemGroup>
    <Filter Include="Source Files">
      <UniqueIdentifier>{4FC737F1-C7A5-4376-A066-2A32D752A2FF}</UniqueIdentifier>
      <Extensions>cpp;c;cc;cxx;c++;cppm;ixx;def;odl;idl;hpj;bat;asm;asmx</Extensions>
    </Filter>
    <Filter Include="Header Files">
      <UniqueIdentifier>{93995380-89BD-4b04-88EB-625FBE52EBFB}</UniqueIdentifier>
      <Extensions>h;hh;hpp;hxx;h++;hm;inl;inc;ipp;xsd</Extensions>
    </Filter>
    <Filter Include="Resource Files">
      <UniqueIdentifier>{67DA6AB6-F800-4c08-8B7A-83BB121AAD01}</UniqueIdentifier>
      <Extensions>rc;ico;cur;bmp;dlg;rc2;rct;bin;rgs;gif;jpg;jpeg;jpe;resx;tiff;tif;png;wav;mfcribbon-ms</Extensions>
    </Filter>
    <Filter Include="EXO2">
      <UniqueIdentifier>{bc21fbbb-3ec8-4c62-af49-a05afa5c6f71}</UniqueIdentifier>
    </Filter>
    <Filter Include="EXO3">
      <UniqueIdentifier>{a2a9e8bc-0db3-45fb-b9dc-eca39c83ea7c}</UniqueIdentifier>
    </Filter>
    <Filter Include="EXO1">
      <UniqueIdentifier>{fbf04053-2d6a-4b8c-b201-676c0e9f29d4}</UniqueIdentifier>
    </Filter>
    <Filter Include="EXO4">
      <UniqueIdentifier>{4aaac85a-85c4-4e3f-90aa-fd084224942a}</UniqueIdentifier>
    </Filter>
    <Filter Include="EXO5">
      <UniqueIdentifier>{23a357a7-f2f4-47d6-815d-85cd94e3ea88}</UniqueIdentifier>
    </Filter>
  </ItemGroup>
  <ItemGroup>
    <ClCompile Include="Polynomes.cpp">
      <Filter>EXO2</Filter>
    </ClCompile>
    <ClCompile Include="Complexes.cpp">
      <Filter>EXO3</Filter>
    </ClCompile>
    <ClCompile Include="TP3.cpp">
      <Filter>Source Files</Filter>
    </ClCompile>
    <ClCompile Include="Date.cpp">
      <Filter>EXO5</Filter>
    </ClCompile>
  </ItemGroup>
  <ItemGroup>
    <ClInclude Include="Polynomes.h">
      <Filter>EXO2</Filter>
    </ClInclude>
    <ClInclude Include="Complexes.h">
      <Filter>EXO3</Filter>
    </ClInclude>
    <ClInclude Include="Vector.h">
      <Filter>EXO1</Filter>
    </ClInclude>
    <ClInclude Include="Date.h">
      <Filter>EXO5</Filter>
    </ClInclude>
  </ItemGroup>
</Project>